<?xml version="1.0" encoding="UTF-8"?>
<Scheme
   LastUpgradeVersion = "1200"
   version = "1.7">
   <BuildAction
      parallelizeBuildables = "YES"
      buildImplicitDependencies = "YES">
      <BuildActionEntries>
         <BuildActionEntry
            buildForTesting = "YES"
            buildForRunning = "YES"
            buildForProfiling = "YES"
            buildForArchiving = "YES"
            buildForAnalyzing = "YES">
            <BuildableReference
               BuildableIdentifier = "primary"
               BlueprintIdentifier = "955210C26F582BE2E156C5B2"
               BuildableName = "PerduxSample.app"
               BlueprintName = "app-ios"
               ReferencedContainer = "container:PerduxSample.xcodeproj">
            </BuildableReference>
         </BuildActionEntry>
      </BuildActionEntries>
   </BuildAction>
   <TestAction
      buildConfiguration = "Release"
      selectedDebuggerIdentifier = "Xcode.DebuggerFoundation.Debugger.LLDB"
      selectedLauncherIdentifier = "Xcode.DebuggerFoundation.Launcher.LLDB"
      shouldUseLaunchSchemeArgsEnv = "YES"
      codeCoverageEnabled = "YES">
      <MacroExpansion>
         <BuildableReference
            BuildableIdentifier = "primary"
            BlueprintIdentifier = "955210C26F582BE2E156C5B2"
            BuildableName = "PerduxSample.app"
            BlueprintName = "app-ios"
            ReferencedContainer = "container:PerduxSample.xcodeproj">
         </BuildableReference>
      </MacroExpansion>
      <Testables>
      </Testables>
   </TestAction>
   <LaunchAction
      buildConfiguration = "Debug"
      selectedDebuggerIdentifier = "Xcode.DebuggerFoundation.Debugger.LLDB"
      selectedLauncherIdentifier = "Xcode.DebuggerFoundation.Launcher.LLDB"
      launchStyle = "0"
      useCustomWorkingDirectory = "NO"
      ignoresPersistentStateOnLaunch = "NO"
      debugDocumentVersioning = "YES"
      debugServiceExtension = "internal"
      allowLocationSimulation = "YES">
      <BuildableProductRunnable
         runnableDebuggingMode = "0">
         <BuildableReference
            BuildableIdentifier = "primary"
            BlueprintIdentifier = "955210C26F582BE2E156C5B2"
            BuildableName = "PerduxSample.app"
            BlueprintName = "app-ios"
            ReferencedContainer = "container:PerduxSample.xcodeproj">
         </BuildableReference>
      </BuildableProductRunnable>
      <CommandLineArguments>
         <CommandLineArgument
            argument = "-com.apple.CoreData.CloudKitDebug 0"
            isEnabled = "YES">
         </CommandLineArgument>
         <CommandLineArgument
            argument = "-com.apple.CoreData.Logging.stderr 0"
            isEnabled = "YES">
         </CommandLineArgument>
      </CommandLineArguments>
      <StoreKitConfigurationFileReference
         identifier = "../../Sources/Meta/Items.storekit">
      </StoreKitConfigurationFileReference>
   </LaunchAction>
   <ProfileAction
      buildConfiguration = "Release"
      shouldUseLaunchSchemeArgsEnv = "YES"
      savedToolIdentifier = ""
      useCustomWorkingDirectory = "NO"
      debugDocumentVersioning = "YES">
      <BuildableProductRunnable
         runnableDebuggingMode = "0">
         <BuildableReference
            BuildableIdentifier = "primary"
            BlueprintIdentifier = "955210C26F582BE2E156C5B2"
            BuildableName = "PerduxSample.app"
            BlueprintName = "app-ios"
            ReferencedContainer = "container:PerduxSample.xcodeproj">
         </BuildableReference>
      </BuildableProductRunnable>
   </ProfileAction>
   <AnalyzeAction
      buildConfiguration = "Release">
   </AnalyzeAction>
   <ArchiveAction
      buildConfiguration = "Release"
      customArchiveName = "PerduxSample-iOS-Release"
      revealArchiveInOrganizer = "YES">
      <PostActions>
         <ExecutionAction
            ActionType = "Xcode.IDEStandardExecutionActionsCore.ExecutionActionType.ShellScriptAction">
            <ActionContent
               title = "export_ipa"
               scriptText = "# Do all of the work in a subdirectory of /tmp, and use a&#10;# unique ID so that there&apos;s no collision with previous builds.&#10;&#10;#EXPORT_UUID=`uuidgen`&#10;#EXPORT_PATH=&quot;/tmp/$PRODUCT_NAME-$EXPORT_UUID/&quot;&#10;&#10;#mkdir -p &quot;$EXPORT_PATH&quot;&#10;&#10;# Xcode doesn&apos;t show run script errors in build log.&#10;#exec &gt; &quot;$EXPORT_PATH/Xcode run script.log&quot; 2&gt;&amp;1&#10;&#10;# Use osascript(1) to present notification banners; otherwise&#10;# there&apos;s no progress indication until the script finishes.&#10;#/usr/bin/osascript -e &apos;display notification &quot;...&quot; with title &quot;Exporting application archive&#x2026;&quot;&apos;&#10;&#10;# Ask xcodebuild(1) to export the app. Use the export options&#10;# from a previous manual export that used a Developer ID.&#10;#/usr/bin/xcodebuild -exportArchive -archivePath &quot;$ARCHIVE_PATH&quot; -exportOptionsPlist &quot;$SRCROOT/exportOptionsDev.plist&quot; -exportPath &quot;$EXPORT_PATH&quot;&#10;&#10;# Open the folder that was created, which also signals completion.&#10;#open &quot;$EXPORT_PATH&quot;">
               <EnvironmentBuildable>
                  <BuildableReference
                     BuildableIdentifier = "primary"
                     BlueprintIdentifier = "955210C26F582BE2E156C5B2"
                     BuildableName = "PerduxSample.app"
                     BlueprintName = "app-ios"
                     ReferencedContainer = "container:PerduxSample.xcodeproj">
                  </BuildableReference>
               </EnvironmentBuildable>
            </ActionContent>
         </ExecutionAction>
      </PostActions>
   </ArchiveAction>
</Scheme>
